
Microsoft Visual Studio Solution File, Format Version 12.00
# Visual Studio 15
VisualStudioVersion = 15.0.28307.102
MinimumVisualStudioVersion = 10.0.40219.1
Project("{FAE04EC0-301F-11D3-BF4B-00C04F79EFBC}") = "Eventures.App", "Eventures.App\Eventures.App.csproj", "{3F9841E7-0C87-499E-8F8E-4C770810D711}"
EndProject
Project("{FAE04EC0-301F-11D3-BF4B-00C04F79EFBC}") = "Eventures.Data", "Eventures.Data\Eventures.Data.csproj", "{E8081A03-120C-4A06-95A5-F877A5DB89F8}"
EndProject
Project("{FAE04EC0-301F-11D3-BF4B-00C04F79EFBC}") = "Eventures.Models", "Eventures.Models\Eventures.Models.csproj", "{B6AB6718-1459-490D-8088-601818DABCD2}"
EndProject
Global
	GlobalSection(SolutionConfigurationPlatforms) = preSolution
		Debug|Any CPU = Debug|Any CPU
		Release|Any CPU = Release|Any CPU
	EndGlobalSection
	GlobalSection(ProjectConfigurationPlatforms) = postSolution
		{3F9841E7-0C87-499E-8F8E-4C770810D711}.Debug|Any CPU.ActiveCfg = Debug|Any CPU
		{3F9841E7-0C87-499E-8F8E-4C770810D711}.Debug|Any CPU.Build.0 = Debug|Any CPU
		{3F9841E7-0C87-499E-8F8E-4C770810D711}.Release|Any CPU.ActiveCfg = Release|Any CPU
		{3F9841E7-0C87-499E-8F8E-4C770810D711}.Release|Any CPU.Build.0 = Release|Any CPU
		{E8081A03-120C-4A06-95A5-F877A5DB89F8}.Debug|Any CPU.ActiveCfg = Debug|Any CPU
		{E8081A03-120C-4A06-95A5-F877A5DB89F8}.Debug|Any CPU.Build.0 = Debug|Any CPU
		{E8081A03-120C-4A06-95A5-F877A5DB89F8}.Release|Any CPU.ActiveCfg = Release|Any CPU
		{E8081A03-120C-4A06-95A5-F877A5DB89F8}.Release|Any CPU.Build.0 = Release|Any CPU
		{B6AB6718-1459-490D-8088-601818DABCD2}.Debug|Any CPU.ActiveCfg = Debug|Any CPU
		{B6AB6718-1459-490D-8088-601818DABCD2}.Debug|Any CPU.Build.0 = Debug|Any CPU
		{B6AB6718-1459-490D-8088-601818DABCD2}.Release|Any CPU.ActiveCfg = Release|Any CPU
		{B6AB6718-1459-490D-8088-601818DABCD2}.Release|Any CPU.Build.0 = Release|Any CPU
	EndGlobalSection
	GlobalSection(SolutionProperties) = preSolution
		HideSolutionNode = FALSE
	EndGlobalSection
	GlobalSection(ExtensibilityGlobals) = postSolution
		SolutionGuid = {2D165197-07EE-4AC7-9485-9F42D85D2525}
	EndGlobalSection
EndGlobal
